
Microsoft Visual Studio Solution File, Format Version 12.00
# Visual Studio Version 17
VisualStudioVersion = 17.10.35013.160
MinimumVisualStudioVersion = 10.0.40219.1
Project("{FAE04EC0-301F-11D3-BF4B-00C04F79EFBC}") = "Monopoly", "Monopoly.csproj", "{EAAC0A89-F30F-456E-992F-8C8860612C2B}"
EndProject
Global
	GlobalSection(SolutionConfigurationPlatforms) = preSolution
		Debug|Any CPU = Debug|Any CPU
		Release|Any CPU = Release|Any CPU
	EndGlobalSection
	GlobalSection(ProjectConfigurationPlatforms) = postSolution
		{EAAC0A89-F30F-456E-992F-8C8860612C2B}.Debug|Any CPU.ActiveCfg = Debug|Any CPU
		{EAAC0A89-F30F-456E-992F-8C8860612C2B}.Debug|Any CPU.Build.0 = Debug|Any CPU
		{EAAC0A89-F30F-456E-992F-8C8860612C2B}.Release|Any CPU.ActiveCfg = Release|Any CPU
		{EAAC0A89-F30F-456E-992F-8C8860612C2B}.Release|Any CPU.Build.0 = Release|Any CPU
	EndGlobalSection
	GlobalSection(SolutionProperties) = preSolution
		HideSolutionNode = FALSE
	EndGlobalSection
	GlobalSection(ExtensibilityGlobals) = postSolution
		SolutionGuid = {9BAABC2B-5818-4382-A855-A65F1DEEA15D}
	EndGlobalSection
EndGlobal
